{
  "requires": true,
  "lockfileVersion": 1,
  "dependencies": {
    "bit-twiddle": {
      "version": "1.0.2",
      "resolved": "https://registry.npmjs.org/bit-twiddle/-/bit-twiddle-1.0.2.tgz",
      "integrity": "sha1-DGwfq+KyPRcXPZpht7cJPrnhdp4="
    },
    "commander": {
      "version": "2.7.1",
      "resolved": "https://registry.npmjs.org/commander/-/commander-2.7.1.tgz",
      "integrity": "sha1-XUGaK77Swy7j5Nypu0Wrg+zDBlo=",
      "requires": {
        "graceful-readlink": "1.0.1"
      }
    },
    "dsp.js": {
      "version": "1.0.1",
      "resolved": "https://registry.npmjs.org/dsp.js/-/dsp.js-1.0.1.tgz",
      "integrity": "sha1-AlVKIj7lFM0OImy2+4jW0LPpEwg="
    },
    "fft-js": {
      "version": "0.0.11",
      "resolved": "https://registry.npmjs.org/fft-js/-/fft-js-0.0.11.tgz",
      "integrity": "sha1-NONcNlCIFaobhvNAoOeshbjKa9U=",
      "requires": {
        "bit-twiddle": "1.0.2",
        "commander": "2.7.1"
      }
    },
    "graceful-readlink": {
      "version": "1.0.1",
      "resolved": "https://registry.npmjs.org/graceful-readlink/-/graceful-readlink-1.0.1.tgz",
      "integrity": "sha1-TK+tdrxi8C+gObL5Tpo906ORpyU="
    }
  }
}
